
Microsoft Visual Studio Solution File, Format Version 12.00
# Visual Studio Version 16
VisualStudioVersion = 16.0.30114.105
MinimumVisualStudioVersion = 10.0.40219.1
Project("{8BC9CEB8-8B4A-11D0-8D11-00A0C91BC942}") = "lab2", "lab2\lab2.vcxproj", "{AB5BCEBE-0BA0-4BAD-A657-A810D44756EF}"
EndProject
Global
	GlobalSection(SolutionConfigurationPlatforms) = preSolution
		Debug|x64 = Debug|x64
		Debug|x86 = Debug|x86
		Release|x64 = Release|x64
		Release|x86 = Release|x86
	EndGlobalSection
	GlobalSection(ProjectConfigurationPlatforms) = postSolution
		{AB5BCEBE-0BA0-4BAD-A657-A810D44756EF}.Debug|x64.ActiveCfg = Debug|x64
		{AB5BCEBE-0BA0-4BAD-A657-A810D44756EF}.Debug|x64.Build.0 = Debug|x64
		{AB5BCEBE-0BA0-4BAD-A657-A810D44756EF}.Debug|x86.ActiveCfg = Debug|Win32
		{AB5BCEBE-0BA0-4BAD-A657-A810D44756EF}.Debug|x86.Build.0 = Debug|Win32
		{AB5BCEBE-0BA0-4BAD-A657-A810D44756EF}.Release|x64.ActiveCfg = Release|x64
		{AB5BCEBE-0BA0-4BAD-A657-A810D44756EF}.Release|x64.Build.0 = Release|x64
		{AB5BCEBE-0BA0-4BAD-A657-A810D44756EF}.Release|x86.ActiveCfg = Release|Win32
		{AB5BCEBE-0BA0-4BAD-A657-A810D44756EF}.Release|x86.Build.0 = Release|Win32
	EndGlobalSection
	GlobalSection(SolutionProperties) = preSolution
		HideSolutionNode = FALSE
	EndGlobalSection
	GlobalSection(ExtensibilityGlobals) = postSolution
		SolutionGuid = {7FDC2502-03D9-4FA5-BAD0-54DF50B8774D}
	EndGlobalSection
EndGlobal
